
Microsoft Visual Studio Solution File, Format Version 12.00
# Visual Studio Version 17
VisualStudioVersion = 17.7.34221.43
MinimumVisualStudioVersion = 10.0.40219.1
Project("{FAE04EC0-301F-11D3-BF4B-00C04F79EFBC}") = "configuration-manager", "configuration-manager\configuration-manager.csproj", "{CEAE21F4-17C4-470B-AE02-898E1037C189}"
EndProject
Global
	GlobalSection(SolutionConfigurationPlatforms) = preSolution
		Debug|Any CPU = Debug|Any CPU
		Release|Any CPU = Release|Any CPU
	EndGlobalSection
	GlobalSection(ProjectConfigurationPlatforms) = postSolution
		{CEAE21F4-17C4-470B-AE02-898E1037C189}.Debug|Any CPU.ActiveCfg = Debug|Any CPU
		{CEAE21F4-17C4-470B-AE02-898E1037C189}.Debug|Any CPU.Build.0 = Debug|Any CPU
		{CEAE21F4-17C4-470B-AE02-898E1037C189}.Release|Any CPU.ActiveCfg = Release|Any CPU
		{CEAE21F4-17C4-470B-AE02-898E1037C189}.Release|Any CPU.Build.0 = Release|Any CPU
	EndGlobalSection
	GlobalSection(SolutionProperties) = preSolution
		HideSolutionNode = FALSE
	EndGlobalSection
	GlobalSection(ExtensibilityGlobals) = postSolution
		SolutionGuid = {2B8DFDDB-98F2-4290-A8C6-8572278B3A4C}
	EndGlobalSection
EndGlobal
